Microsoft Visual Studio Solution File, Format Version 12.00
# Visual Studio Version 17
VisualStudioVersion = 17.5.2.0
MinimumVisualStudioVersion = 10.0.40219.1
Project("{FAE04EC0-301F-11D3-BF4B-00C04F79EFBC}") = "BudgetService", "BudgetService.csproj", "{A9D88ACF-6BA3-8861-CB9F-68BC9BAE21CC}"
EndProject
Global
	GlobalSection(SolutionConfigurationPlatforms) = preSolution
		Debug|Any CPU = Debug|Any CPU
		Release|Any CPU = Release|Any CPU
	EndGlobalSection
	GlobalSection(ProjectConfigurationPlatforms) = postSolution
		{A9D88ACF-6BA3-8861-CB9F-68BC9BAE21CC}.Debug|Any CPU.ActiveCfg = Debug|Any CPU
		{A9D88ACF-6BA3-8861-CB9F-68BC9BAE21CC}.Debug|Any CPU.Build.0 = Debug|Any CPU
		{A9D88ACF-6BA3-8861-CB9F-68BC9BAE21CC}.Release|Any CPU.ActiveCfg = Release|Any CPU
		{A9D88ACF-6BA3-8861-CB9F-68BC9BAE21CC}.Release|Any CPU.Build.0 = Release|Any CPU
	EndGlobalSection
	GlobalSection(SolutionProperties) = preSolution
		HideSolutionNode = FALSE
	EndGlobalSection
	GlobalSection(ExtensibilityGlobals) = postSolution
		SolutionGuid = {E38E6336-54C4-4755-8386-1BC34106F6B8}
	EndGlobalSection
EndGlobal
